// !$*UTF8*$!
{
	archiveVersion = 1;
	classes = {
	};
	objectVersion = 56;
	objects = {

/* Begin PBXBuildFile section */
		6A166C702A6D5B2B0012BA69 /* Modules in Resources */ = {isa = PBXBuildFile; fileRef = 6A166C6F2A6D5B2B0012BA69 /* Modules */; };
		6A64E2D32A65B05D00C48DE9 /* Launch Screen.storyboard in Resources */ = {isa = PBXBuildFile; fileRef = 6A64E2D22A65B05D00C48DE9 /* Launch Screen.storyboard */; };
		6A64E2F72A65D40300C48DE9 /* Localizable.xcstrings in Resources */ = {isa = PBXBuildFile; fileRef = 6A64E2F62A65D40300C48DE9 /* Localizable.xcstrings */; };
		6A65C05F2A685B8B0065028F /* Montserrat-SemiBold.ttf in Resources */ = {isa = PBXBuildFile; fileRef = 6A65C05D2A685B250065028F /* Montserrat-SemiBold.ttf */; };
		6A65C0602A685B8D0065028F /* Montserrat-Regular.ttf in Resources */ = {isa = PBXBuildFile; fileRef = 6A65C05E2A685B250065028F /* Montserrat-Regular.ttf */; };
		6A70AFC82A8B9DF600F3804E /* .gitignore in Resources */ = {isa = PBXBuildFile; fileRef = 6A70AFC72A8B9DF600F3804E /* .gitignore */; };
		6A8C92572A6ECC20009C129E /* Montserrat.ttf in Resources */ = {isa = PBXBuildFile; fileRef = 6A8C92562A6ECC20009C129E /* Montserrat.ttf */; };
		6AB333E229B259E500DD165F /* HappApp.swift in Sources */ = {isa = PBXBuildFile; fileRef = 6AB333E129B259E500DD165F /* HappApp.swift */; };
		6AB333E629B259E600DD165F /* Assets.xcassets in Resources */ = {isa = PBXBuildFile; fileRef = 6AB333E529B259E600DD165F /* Assets.xcassets */; };
		6AB333E929B259E600DD165F /* Preview Assets.xcassets in Resources */ = {isa = PBXBuildFile; fileRef = 6AB333E829B259E600DD165F /* Preview Assets.xcassets */; };
		6AB333F629B261BF00DD165F /* ContentView.swift in Sources */ = {isa = PBXBuildFile; fileRef = 6AB333E329B259E500DD165F /* ContentView.swift */; };
		6ACBE37C2B9DFD8600335A81 /* HappDependencies in Frameworks */ = {isa = PBXBuildFile; productRef = 6ACBE37B2B9DFD8600335A81 /* HappDependencies */; };
/* End PBXBuildFile section */

/* Begin PBXFileReference section */
		6A166C6F2A6D5B2B0012BA69 /* Modules */ = {isa = PBXFileReference; lastKnownFileType = wrapper; path = Modules; sourceTree = "<group>"; };
		6A64E2D22A65B05D00C48DE9 /* Launch Screen.storyboard */ = {isa = PBXFileReference; lastKnownFileType = file.storyboard; path = "Launch Screen.storyboard"; sourceTree = "<group>"; };
		6A64E2F52A65CF6B00C48DE9 /* Info.plist */ = {isa = PBXFileReference; lastKnownFileType = text.plist; path = Info.plist; sourceTree = "<group>"; };
		6A64E2F62A65D40300C48DE9 /* Localizable.xcstrings */ = {isa = PBXFileReference; lastKnownFileType = text.json.xcstrings; path = Localizable.xcstrings; sourceTree = "<group>"; };
		6A65C05D2A685B250065028F /* Montserrat-SemiBold.ttf */ = {isa = PBXFileReference; lastKnownFileType = file; path = "Montserrat-SemiBold.ttf"; sourceTree = "<group>"; };
		6A65C05E2A685B250065028F /* Montserrat-Regular.ttf */ = {isa = PBXFileReference; lastKnownFileType = file; path = "Montserrat-Regular.ttf"; sourceTree = "<group>"; };
		6A70AFC72A8B9DF600F3804E /* .gitignore */ = {isa = PBXFileReference; fileEncoding = 4; lastKnownFileType = text; path = .gitignore; sourceTree = "<group>"; };
		6A8C92562A6ECC20009C129E /* Montserrat.ttf */ = {isa = PBXFileReference; lastKnownFileType = file; path = Montserrat.ttf; sourceTree = "<group>"; };
		6AB333DE29B259E500DD165F /* happ.app */ = {isa = PBXFileReference; explicitFileType = wrapper.application; includeInIndex = 0; path = happ.app; sourceTree = BUILT_PRODUCTS_DIR; };
		6AB333E129B259E500DD165F /* HappApp.swift */ = {isa = PBXFileReference; lastKnownFileType = sourcecode.swift; path = HappApp.swift; sourceTree = "<group>"; };
		6AB333E329B259E500DD165F /* ContentView.swift */ = {isa = PBXFileReference; lastKnownFileType = sourcecode.swift; path = ContentView.swift; sourceTree = "<group>"; };
		6AB333E529B259E600DD165F /* Assets.xcassets */ = {isa = PBXFileReference; lastKnownFileType = folder.assetcatalog; path = Assets.xcassets; sourceTree = "<group>"; };
		6AB333E829B259E600DD165F /* Preview Assets.xcassets */ = {isa = PBXFileReference; lastKnownFileType = folder.assetcatalog; path = "Preview Assets.xcassets"; sourceTree = "<group>"; };
/* End PBXFileReference section */

/* Begin PBXFrameworksBuildPhase section */
		6AB333DB29B259E500DD165F /* Frameworks */ = {
			isa = PBXFrameworksBuildPhase;
			buildActionMask = 2147483647;
			files = (
				6ACBE37C2B9DFD8600335A81 /* HappDependencies in Frameworks */,
			);
			runOnlyForDeploymentPostprocessing = 0;
		};
/* End PBXFrameworksBuildPhase section */

/* Begin PBXGroup section */
		6A65C05C2A685B250065028F /* Fonts */ = {
			isa = PBXGroup;
			children = (
				6A8C92562A6ECC20009C129E /* Montserrat.ttf */,
				6A65C05D2A685B250065028F /* Montserrat-SemiBold.ttf */,
				6A65C05E2A685B250065028F /* Montserrat-Regular.ttf */,
			);
			path = Fonts;
			sourceTree = "<group>";
		};
		6AB333D529B259E500DD165F = {
			isa = PBXGroup;
			children = (
				6AB333E029B259E500DD165F /* happ */,
				6AB333DF29B259E500DD165F /* Products */,
				6A70AFC72A8B9DF600F3804E /* .gitignore */,
				6ACBE3782B9DF70400335A81 /* Frameworks */,
			);
			sourceTree = "<group>";
		};
		6AB333DF29B259E500DD165F /* Products */ = {
			isa = PBXGroup;
			children = (
				6AB333DE29B259E500DD165F /* happ.app */,
			);
			name = Products;
			sourceTree = "<group>";
		};
		6AB333E029B259E500DD165F /* happ */ = {
			isa = PBXGroup;
			children = (
				6A64E2F62A65D40300C48DE9 /* Localizable.xcstrings */,
				6A64E2F52A65CF6B00C48DE9 /* Info.plist */,
				6AB333E329B259E500DD165F /* ContentView.swift */,
				6AB333F129B25EF900DD165F /* UI */,
				6AB333E129B259E500DD165F /* HappApp.swift */,
				6AB333E529B259E600DD165F /* Assets.xcassets */,
				6AB333E729B259E600DD165F /* Preview Content */,
				6A166C6F2A6D5B2B0012BA69 /* Modules */,
			);
			path = happ;
			sourceTree = "<group>";
		};
		6AB333E729B259E600DD165F /* Preview Content */ = {
			isa = PBXGroup;
			children = (
				6AB333E829B259E600DD165F /* Preview Assets.xcassets */,
			);
			path = "Preview Content";
			sourceTree = "<group>";
		};
		6AB333F129B25EF900DD165F /* UI */ = {
			isa = PBXGroup;
			children = (
				6A64E2D22A65B05D00C48DE9 /* Launch Screen.storyboard */,
				6A65C05C2A685B250065028F /* Fonts */,
			);
			path = UI;
			sourceTree = "<group>";
		};
		6ACBE3782B9DF70400335A81 /* Frameworks */ = {
			isa = PBXGroup;
			children = (
			);
			name = Frameworks;
			sourceTree = "<group>";
		};
/* End PBXGroup section */

/* Begin PBXNativeTarget section */
		6AB333DD29B259E500DD165F /* happ */ = {
			isa = PBXNativeTarget;
			buildConfigurationList = 6AB333EC29B259E600DD165F /* Build configuration list for PBXNativeTarget "happ" */;
			buildPhases = (
				6AB333DA29B259E500DD165F /* Sources */,
				6AB333DB29B259E500DD165F /* Frameworks */,
				6AB333DC29B259E500DD165F /* Resources */,
			);
			buildRules = (
			);
			dependencies = (
			);
			name = happ;
			packageProductDependencies = (
				6ACBE37B2B9DFD8600335A81 /* HappDependencies */,
			);
			productName = "react-client-ios";
			productReference = 6AB333DE29B259E500DD165F /* happ.app */;
			productType = "com.apple.product-type.application";
		};
/* End PBXNativeTarget section */

/* Begin PBXProject section */
		6AB333D629B259E500DD165F /* Project object */ = {
			isa = PBXProject;
			attributes = {
				BuildIndependentTargetsInParallel = 1;
				LastSwiftUpdateCheck = 1420;
				LastUpgradeCheck = 1500;
				TargetAttributes = {
					6AB333DD29B259E500DD165F = {
						CreatedOnToolsVersion = 14.2;
					};
				};
			};
			buildConfigurationList = 6AB333D929B259E500DD165F /* Build configuration list for PBXProject "happ" */;
			compatibilityVersion = "Xcode 14.0";
			developmentRegion = en;
			hasScannedForEncodings = 0;
			knownRegions = (
				en,
				ru,
			);
			mainGroup = 6AB333D529B259E500DD165F;
			packageReferences = (
			);
			productRefGroup = 6AB333DF29B259E500DD165F /* Products */;
			projectDirPath = "";
			projectRoot = "";
			targets = (
				6AB333DD29B259E500DD165F /* happ */,
			);
		};
/* End PBXProject section */

/* Begin PBXResourcesBuildPhase section */
		6AB333DC29B259E500DD165F /* Resources */ = {
			isa = PBXResourcesBuildPhase;
			buildActionMask = 2147483647;
			files = (
				6A70AFC82A8B9DF600F3804E /* .gitignore in Resources */,
				6A65C0602A685B8D0065028F /* Montserrat-Regular.ttf in Resources */,
				6A166C702A6D5B2B0012BA69 /* Modules in Resources */,
				6A64E2D32A65B05D00C48DE9 /* Launch Screen.storyboard in Resources */,
				6AB333E929B259E600DD165F /* Preview Assets.xcassets in Resources */,
				6A8C92572A6ECC20009C129E /* Montserrat.ttf in Resources */,
				6AB333E629B259E600DD165F /* Assets.xcassets in Resources */,
				6A64E2F72A65D40300C48DE9 /* Localizable.xcstrings in Resources */,
				6A65C05F2A685B8B0065028F /* Montserrat-SemiBold.ttf in Resources */,
			);
			runOnlyForDeploymentPostprocessing = 0;
		};
/* End PBXResourcesBuildPhase section */

/* Begin PBXSourcesBuildPhase section */
		6AB333DA29B259E500DD165F /* Sources */ = {
			isa = PBXSourcesBuildPhase;
			buildActionMask = 2147483647;
			files = (
				6AB333F629B261BF00DD165F /* ContentView.swift in Sources */,
				6AB333E229B259E500DD165F /* HappApp.swift in Sources */,
			);
			runOnlyForDeploymentPostprocessing = 0;
		};
/* End PBXSourcesBuildPhase section */

/* Begin XCBuildConfiguration section */
		6AB333EA29B259E600DD165F /* Debug */ = {
			isa = XCBuildConfiguration;
			buildSettings = {
				ALWAYS_SEARCH_USER_PATHS = NO;
				ASSETCATALOG_COMPILER_GENERATE_SWIFT_ASSET_SYMBOL_EXTENSIONS = YES;
				CLANG_ANALYZER_LOCALIZABILITY_NONLOCALIZED = YES;
				CLANG_ANALYZER_NONNULL = YES;
				CLANG_ANALYZER_NUMBER_OBJECT_CONVERSION = YES_AGGRESSIVE;
				CLANG_CXX_LANGUAGE_STANDARD = "gnu++20";
				CLANG_ENABLE_MODULES = YES;
				CLANG_ENABLE_OBJC_ARC = YES;
				CLANG_ENABLE_OBJC_WEAK = YES;
				CLANG_WARN_BLOCK_CAPTURE_AUTORELEASING = YES;
				CLANG_WARN_BOOL_CONVERSION = YES;
				CLANG_WARN_COMMA = YES;
				CLANG_WARN_CONSTANT_CONVERSION = YES;
				CLANG_WARN_DEPRECATED_OBJC_IMPLEMENTATIONS = YES;
				CLANG_WARN_DIRECT_OBJC_ISA_USAGE = YES_ERROR;
				CLANG_WARN_DOCUMENTATION_COMMENTS = YES;
				CLANG_WARN_EMPTY_BODY = YES;
				CLANG_WARN_ENUM_CONVERSION = YES;
				CLANG_WARN_INFINITE_RECURSION = YES;
				CLANG_WARN_INT_CONVERSION = YES;
				CLANG_WARN_NON_LITERAL_NULL_CONVERSION = YES;
				CLANG_WARN_OBJC_IMPLICIT_RETAIN_SELF = YES;
				CLANG_WARN_OBJC_LITERAL_CONVERSION = YES;
				CLANG_WARN_OBJC_ROOT_CLASS = YES_ERROR;
				CLANG_WARN_QUOTED_INCLUDE_IN_FRAMEWORK_HEADER = YES;
				CLANG_WARN_RANGE_LOOP_ANALYSIS = YES;
				CLANG_WARN_STRICT_PROTOTYPES = YES;
				CLANG_WARN_SUSPICIOUS_MOVE = YES;
				CLANG_WARN_UNGUARDED_AVAILABILITY = YES_AGGRESSIVE;
				CLANG_WARN_UNREACHABLE_CODE = YES;
				CLANG_WARN__DUPLICATE_METHOD_MATCH = YES;
				COPY_PHASE_STRIP = NO;
				DEBUG_INFORMATION_FORMAT = dwarf;
				ENABLE_STRICT_OBJC_MSGSEND = YES;
				ENABLE_TESTABILITY = YES;
				ENABLE_USER_SCRIPT_SANDBOXING = YES;
				GCC_C_LANGUAGE_STANDARD = gnu11;
				GCC_DYNAMIC_NO_PIC = NO;
				GCC_NO_COMMON_BLOCKS = YES;
				GCC_OPTIMIZATION_LEVEL = 0;
				GCC_PREPROCESSOR_DEFINITIONS = (
					"DEBUG=1",
					"$(inherited)",
				);
				GCC_WARN_64_TO_32_BIT_CONVERSION = YES;
				GCC_WARN_ABOUT_RETURN_TYPE = YES_ERROR;
				GCC_WARN_UNDECLARED_SELECTOR = YES;
				GCC_WARN_UNINITIALIZED_AUTOS = YES_AGGRESSIVE;
				GCC_WARN_UNUSED_FUNCTION = YES;
				GCC_WARN_UNUSED_VARIABLE = YES;
				IPHONEOS_DEPLOYMENT_TARGET = 16.2;
				MTL_ENABLE_DEBUG_INFO = INCLUDE_SOURCE;
				MTL_FAST_MATH = YES;
				ONLY_ACTIVE_ARCH = YES;
				SDKROOT = iphoneos;
				SWIFT_ACTIVE_COMPILATION_CONDITIONS = DEBUG;
				SWIFT_OPTIMIZATION_LEVEL = "-Onone";
			};
			name = Debug;
		};
		6AB333EB29B259E600DD165F /* Release */ = {
			isa = XCBuildConfiguration;
			buildSettings = {
				ALWAYS_SEARCH_USER_PATHS = NO;
				ASSETCATALOG_COMPILER_GENERATE_SWIFT_ASSET_SYMBOL_EXTENSIONS = YES;
				CLANG_ANALYZER_LOCALIZABILITY_NONLOCALIZED = YES;
				CLANG_ANALYZER_NONNULL = YES;
				CLANG_ANALYZER_NUMBER_OBJECT_CONVERSION = YES_AGGRESSIVE;
				CLANG_CXX_LANGUAGE_STANDARD = "gnu++20";
				CLANG_ENABLE_MODULES = YES;
				CLANG_ENABLE_OBJC_ARC = YES;
				CLANG_ENABLE_OBJC_WEAK = YES;
				CLANG_WARN_BLOCK_CAPTURE_AUTORELEASING = YES;
				CLANG_WARN_BOOL_CONVERSION = YES;
				CLANG_WARN_COMMA = YES;
				CLANG_WARN_CONSTANT_CONVERSION = YES;
				CLANG_WARN_DEPRECATED_OBJC_IMPLEMENTATIONS = YES;
				CLANG_WARN_DIRECT_OBJC_ISA_USAGE = YES_ERROR;
				CLANG_WARN_DOCUMENTATION_COMMENTS = YES;
				CLANG_WARN_EMPTY_BODY = YES;
				CLANG_WARN_ENUM_CONVERSION = YES;
				CLANG_WARN_INFINITE_RECURSION = YES;
				CLANG_WARN_INT_CONVERSION = YES;
				CLANG_WARN_NON_LITERAL_NULL_CONVERSION = YES;
				CLANG_WARN_OBJC_IMPLICIT_RETAIN_SELF = YES;
				CLANG_WARN_OBJC_LITERAL_CONVERSION = YES;
				CLANG_WARN_OBJC_ROOT_CLASS = YES_ERROR;
				CLANG_WARN_QUOTED_INCLUDE_IN_FRAMEWORK_HEADER = YES;
				CLANG_WARN_RANGE_LOOP_ANALYSIS = YES;
				CLANG_WARN_STRICT_PROTOTYPES = YES;
				CLANG_WARN_SUSPICIOUS_MOVE = YES;
				CLANG_WARN_UNGUARDED_AVAILABILITY = YES_AGGRESSIVE;
				CLANG_WARN_UNREACHABLE_CODE = YES;
				CLANG_WARN__DUPLICATE_METHOD_MATCH = YES;
				COPY_PHASE_STRIP = NO;
				DEBUG_INFORMATION_FORMAT = "dwarf-with-dsym";
				ENABLE_NS_ASSERTIONS = NO;
				ENABLE_STRICT_OBJC_MSGSEND = YES;
				ENABLE_USER_SCRIPT_SANDBOXING = YES;
				GCC_C_LANGUAGE_STANDARD = gnu11;
				GCC_NO_COMMON_BLOCKS = YES;
				GCC_WARN_64_TO_32_BIT_CONVERSION = YES;
				GCC_WARN_ABOUT_RETURN_TYPE = YES_ERROR;
				GCC_WARN_UNDECLARED_SELECTOR = YES;
				GCC_WARN_UNINITIALIZED_AUTOS = YES_AGGRESSIVE;
				GCC_WARN_UNUSED_FUNCTION = YES;
				GCC_WARN_UNUSED_VARIABLE = YES;
				IPHONEOS_DEPLOYMENT_TARGET = 16.2;
				MTL_ENABLE_DEBUG_INFO = NO;
				MTL_FAST_MATH = YES;
				SDKROOT = iphoneos;
				SWIFT_COMPILATION_MODE = wholemodule;
				SWIFT_OPTIMIZATION_LEVEL = "-O";
				VALIDATE_PRODUCT = YES;
			};
			name = Release;
		};
		6AB333ED29B259E600DD165F /* Debug */ = {
			isa = XCBuildConfiguration;
			buildSettings = {
				ASSETCATALOG_COMPILER_APPICON_NAME = AppIcon;
				ASSETCATALOG_COMPILER_GLOBAL_ACCENT_COLOR_NAME = AccentColor;
				CODE_SIGN_STYLE = Automatic;
				CURRENT_PROJECT_VERSION = 4;
				DEVELOPMENT_ASSET_PATHS = "\"happ/Preview Content\"";
				DEVELOPMENT_TEAM = 94U9UR9TXD;
				ENABLE_PREVIEWS = YES;
				GENERATE_INFOPLIST_FILE = YES;
				INFOPLIST_FILE = happ/Info.plist;
				INFOPLIST_KEY_CFBundleDisplayName = "re:act";
				INFOPLIST_KEY_UIApplicationSceneManifest_Generation = YES;
				INFOPLIST_KEY_UIApplicationSupportsIndirectInputEvents = YES;
				INFOPLIST_KEY_UILaunchScreen_Generation = YES;
				INFOPLIST_KEY_UILaunchStoryboardName = "Launch Screen.storyboard";
				INFOPLIST_KEY_UISupportedInterfaceOrientations_iPad = "UIInterfaceOrientationPortrait UIInterfaceOrientationPortraitUpsideDown UIInterfaceOrientationLandscapeLeft UIInterfaceOrientationLandscapeRight";
				INFOPLIST_KEY_UISupportedInterfaceOrientations_iPhone = "UIInterfaceOrientationPortrait UIInterfaceOrientationLandscapeLeft UIInterfaceOrientationLandscapeRight";
				IPHONEOS_DEPLOYMENT_TARGET = 17.0;
				LD_RUNPATH_SEARCH_PATHS = (
					"$(inherited)",
					"@executable_path/Frameworks",
				);
				MARKETING_VERSION = 1.0;
				PRODUCT_BUNDLE_IDENTIFIER = ru.alageev.happ;
				PRODUCT_NAME = "$(TARGET_NAME)";
				SUPPORTED_PLATFORMS = "iphoneos iphonesimulator";
				SUPPORTS_MACCATALYST = NO;
				SUPPORTS_MAC_DESIGNED_FOR_IPHONE_IPAD = NO;
				SUPPORTS_XR_DESIGNED_FOR_IPHONE_IPAD = NO;
				SWIFT_EMIT_LOC_STRINGS = YES;
				SWIFT_VERSION = 5.0;
				TARGETED_DEVICE_FAMILY = 1;
			};
			name = Debug;
		};
		6AB333EE29B259E600DD165F /* Release */ = {
			isa = XCBuildConfiguration;
			buildSettings = {
				ASSETCATALOG_COMPILER_APPICON_NAME = AppIcon;
				ASSETCATALOG_COMPILER_GLOBAL_ACCENT_COLOR_NAME = AccentColor;
				CODE_SIGN_STYLE = Automatic;
				CURRENT_PROJECT_VERSION = 4;
				DEVELOPMENT_ASSET_PATHS = "\"happ/Preview Content\"";
				DEVELOPMENT_TEAM = 94U9UR9TXD;
				ENABLE_PREVIEWS = YES;
				GENERATE_INFOPLIST_FILE = YES;
				INFOPLIST_FILE = happ/Info.plist;
				INFOPLIST_KEY_CFBundleDisplayName = "re:act";
				INFOPLIST_KEY_UIApplicationSceneManifest_Generation = YES;
				INFOPLIST_KEY_UIApplicationSupportsIndirectInputEvents = YES;
				INFOPLIST_KEY_UILaunchScreen_Generation = YES;
				INFOPLIST_KEY_UILaunchStoryboardName = "Launch Screen.storyboard";
				INFOPLIST_KEY_UISupportedInterfaceOrientations_iPad = "UIInterfaceOrientationPortrait UIInterfaceOrientationPortraitUpsideDown UIInterfaceOrientationLandscapeLeft UIInterfaceOrientationLandscapeRight";
				INFOPLIST_KEY_UISupportedInterfaceOrientations_iPhone = "UIInterfaceOrientationPortrait UIInterfaceOrientationLandscapeLeft UIInterfaceOrientationLandscapeRight";
				IPHONEOS_DEPLOYMENT_TARGET = 17.0;
				LD_RUNPATH_SEARCH_PATHS = (
					"$(inherited)",
					"@executable_path/Frameworks",
				);
				MARKETING_VERSION = 1.0;
				PRODUCT_BUNDLE_IDENTIFIER = ru.alageev.happ;
				PRODUCT_NAME = "$(TARGET_NAME)";
				SUPPORTED_PLATFORMS = "iphoneos iphonesimulator";
				SUPPORTS_MACCATALYST = NO;
				SUPPORTS_MAC_DESIGNED_FOR_IPHONE_IPAD = NO;
				SUPPORTS_XR_DESIGNED_FOR_IPHONE_IPAD = NO;
				SWIFT_EMIT_LOC_STRINGS = YES;
				SWIFT_VERSION = 5.0;
				TARGETED_DEVICE_FAMILY = 1;
			};
			name = Release;
		};
/* End XCBuildConfiguration section */

/* Begin XCConfigurationList section */
		6AB333D929B259E500DD165F /* Build configuration list for PBXProject "happ" */ = {
			isa = XCConfigurationList;
			buildConfigurations = (
				6AB333EA29B259E600DD165F /* Debug */,
				6AB333EB29B259E600DD165F /* Release */,
			);
			defaultConfigurationIsVisible = 0;
			defaultConfigurationName = Release;
		};
		6AB333EC29B259E600DD165F /* Build configuration list for PBXNativeTarget "happ" */ = {
			isa = XCConfigurationList;
			buildConfigurations = (
				6AB333ED29B259E600DD165F /* Debug */,
				6AB333EE29B259E600DD165F /* Release */,
			);
			defaultConfigurationIsVisible = 0;
			defaultConfigurationName = Release;
		};
/* End XCConfigurationList section */

/* Begin XCSwiftPackageProductDependency section */
		6ACBE37B2B9DFD8600335A81 /* HappDependencies */ = {
			isa = XCSwiftPackageProductDependency;
			productName = HappDependencies;
		};
/* End XCSwiftPackageProductDependency section */
	};
	rootObject = 6AB333D629B259E500DD165F /* Project object */;
}
